
Microsoft Visual Studio Solution File, Format Version 12.00
# Visual Studio Version 16
VisualStudioVersion = 16.0.29418.71
MinimumVisualStudioVersion = 10.0.40219.1
Project("{8BC9CEB8-8B4A-11D0-8D11-00A0C91BC942}") = "AlphaMilestone2Mac", "AlphaMilestone2Mac.vcxproj", "{41E96665-5778-41F6-BEBA-1E1AB7820A43}"
EndProject
Global
	GlobalSection(SolutionConfigurationPlatforms) = preSolution
		Debug|x64 = Debug|x64
		Debug|x86 = Debug|x86
		Release|x64 = Release|x64
		Release|x86 = Release|x86
	EndGlobalSection
	GlobalSection(ProjectConfigurationPlatforms) = postSolution
		{41E96665-5778-41F6-BEBA-1E1AB7820A43}.Debug|x64.ActiveCfg = Debug|x64
		{41E96665-5778-41F6-BEBA-1E1AB7820A43}.Debug|x64.Build.0 = Debug|x64
		{41E96665-5778-41F6-BEBA-1E1AB7820A43}.Debug|x86.ActiveCfg = Debug|Win32
		{41E96665-5778-41F6-BEBA-1E1AB7820A43}.Debug|x86.Build.0 = Debug|Win32
		{41E96665-5778-41F6-BEBA-1E1AB7820A43}.Release|x64.ActiveCfg = Release|x64
		{41E96665-5778-41F6-BEBA-1E1AB7820A43}.Release|x64.Build.0 = Release|x64
		{41E96665-5778-41F6-BEBA-1E1AB7820A43}.Release|x86.ActiveCfg = Release|Win32
		{41E96665-5778-41F6-BEBA-1E1AB7820A43}.Release|x86.Build.0 = Release|Win32
	EndGlobalSection
	GlobalSection(SolutionProperties) = preSolution
		HideSolutionNode = FALSE
	EndGlobalSection
	GlobalSection(ExtensibilityGlobals) = postSolution
		SolutionGuid = {447D35DA-3F2C-4266-AC61-235363D49B61}
	EndGlobalSection
EndGlobal
